// !$*UTF8*$!
{
	archiveVersion = 1;
	classes = {
	};
	objectVersion = 48;
	objects = {

/* Begin PBXBuildFile section */
		511C1F7D1FB968620081F6C1 /* ColorPaletteCollectionViewController.m in Sources */ = {isa = PBXBuildFile; fileRef = 511C1F7C1FB968620081F6C1 /* ColorPaletteCollectionViewController.m */; };
		516F77EA1FB5AAE900EA44C8 /* Images.xcassets in Resources */ = {isa = PBXBuildFile; fileRef = 516F77E91FB5AAE900EA44C8 /* Images.xcassets */; };
		516F77EE1FB5D6F800EA44C8 /* iPhoneX.png in Resources */ = {isa = PBXBuildFile; fileRef = 516F77ED1FB5D6F700EA44C8 /* iPhoneX.png */; };
		516F77F01FB5E05B00EA44C8 /* iPhoneiOS56.png in Resources */ = {isa = PBXBuildFile; fileRef = 516F77EF1FB5E05A00EA44C8 /* iPhoneiOS56.png */; };
		516F77F21FB5E19E00EA44C8 /* iPadWithOutStatusBar768x1004.png in Resources */ = {isa = PBXBuildFile; fileRef = 516F77F11FB5E19E00EA44C8 /* iPadWithOutStatusBar768x1004.png */; };
		516F77F41FB5E20A00EA44C8 /* iPadWithOutStatusBar768x1004@2x.png in Resources */ = {isa = PBXBuildFile; fileRef = 516F77F31FB5E20A00EA44C8 /* iPadWithOutStatusBar768x1004@2x.png */; };
		517C8E5F1FB564A2009E35D8 /* FontPropertiesViewController.m in Sources */ = {isa = PBXBuildFile; fileRef = 517C8E0E1FB56494009E35D8 /* FontPropertiesViewController.m */; };
		517C8E611FB564A2009E35D8 /* CellViewForPDF.m in Sources */ = {isa = PBXBuildFile; fileRef = 517C8E101FB56494009E35D8 /* CellViewForPDF.m */; };
		517C8E621FB564A2009E35D8 /* TextEditor.m in Sources */ = {isa = PBXBuildFile; fileRef = 517C8E111FB56494009E35D8 /* TextEditor.m */; };
		517C8E641FB564A2009E35D8 /* WORDController.m in Sources */ = {isa = PBXBuildFile; fileRef = 517C8E141FB56495009E35D8 /* WORDController.m */; };
		517C8E651FB564A2009E35D8 /* SSO4CC in Resources */ = {isa = PBXBuildFile; fileRef = 517C8E151FB56495009E35D8 /* SSO4CC */; };
		517C8E661FB564A2009E35D8 /* XLSDrawingView.m in Sources */ = {isa = PBXBuildFile; fileRef = 517C8E161FB56495009E35D8 /* XLSDrawingView.m */; };
		517C8E671FB564A2009E35D8 /* UIView+ColorOfPointView.m in Sources */ = {isa = PBXBuildFile; fileRef = 517C8E181FB56495009E35D8 /* UIView+ColorOfPointView.m */; };
		517C8E681FB564A2009E35D8 /* ApplicationSettingsController.m in Sources */ = {isa = PBXBuildFile; fileRef = 517C8E1A1FB56495009E35D8 /* ApplicationSettingsController.m */; };
		517C8E691FB564A2009E35D8 /* PPTController.m in Sources */ = {isa = PBXBuildFile; fileRef = 517C8E1B1FB56495009E35D8 /* PPTController.m */; };
		517C8E6A1FB564A2009E35D8 /* ColorToolViewController.m in Sources */ = {isa = PBXBuildFile; fileRef = 517C8E1C1FB56495009E35D8 /* ColorToolViewController.m */; };
		517C8E6B1FB564A2009E35D8 /* JCRPDFView.m in Sources */ = {isa = PBXBuildFile; fileRef = 517C8E1D1FB56495009E35D8 /* JCRPDFView.m */; };
		517C8E6C1FB564A2009E35D8 /* SSO4CC.xcdatamodeld in Sources */ = {isa = PBXBuildFile; fileRef = 517C8E201FB56496009E35D8 /* SSO4CC.xcdatamodeld */; };
		517C8E6D1FB564A2009E35D8 /* DrawingController.m in Sources */ = {isa = PBXBuildFile; fileRef = 517C8E231FB56496009E35D8 /* DrawingController.m */; };
		517C8E6E1FB564A2009E35D8 /* MailViewController.m in Sources */ = {isa = PBXBuildFile; fileRef = 517C8E2D1FB56497009E35D8 /* MailViewController.m */; };
		517C8E701FB564A2009E35D8 /* ImageObject.m in Sources */ = {isa = PBXBuildFile; fileRef = 517C8E311FB56498009E35D8 /* ImageObject.m */; };
		517C8E711FB564A2009E35D8 /* DocumentController.m in Sources */ = {isa = PBXBuildFile; fileRef = 517C8E331FB56499009E35D8 /* DocumentController.m */; };
		517C8E721FB564A2009E35D8 /* CollectionViewController.m in Sources */ = {isa = PBXBuildFile; fileRef = 517C8E341FB56499009E35D8 /* CollectionViewController.m */; };
		517C8E731FB564A2009E35D8 /* XLSView.m in Sources */ = {isa = PBXBuildFile; fileRef = 517C8E351FB56499009E35D8 /* XLSView.m */; };
		517C8E751FB564A2009E35D8 /* StorageController.m in Sources */ = {isa = PBXBuildFile; fileRef = 517C8E391FB5649A009E35D8 /* StorageController.m */; };
		517C8E761FB564A2009E35D8 /* main.m in Sources */ = {isa = PBXBuildFile; fileRef = 517C8E3A1FB5649A009E35D8 /* main.m */; };
		517C8E771FB564A2009E35D8 /* AppDelegate.m in Sources */ = {isa = PBXBuildFile; fileRef = 517C8E3D1FB5649B009E35D8 /* AppDelegate.m */; };
		517C8E781FB564A2009E35D8 /* XLSController.m in Sources */ = {isa = PBXBuildFile; fileRef = 517C8E3E1FB5649C009E35D8 /* XLSController.m */; };
		517C8E791FB564A2009E35D8 /* ShapeObject.m in Sources */ = {isa = PBXBuildFile; fileRef = 517C8E3F1FB5649C009E35D8 /* ShapeObject.m */; };
		517C8E7A1FB564A2009E35D8 /* TextObject.m in Sources */ = {isa = PBXBuildFile; fileRef = 517C8E421FB5649C009E35D8 /* TextObject.m */; };
		517C8E7B1FB564A2009E35D8 /* Utility.m in Sources */ = {isa = PBXBuildFile; fileRef = 517C8E431FB5649D009E35D8 /* Utility.m */; };
		517C8E7D1FB564A2009E35D8 /* CellViewForXLS.m in Sources */ = {isa = PBXBuildFile; fileRef = 517C8E461FB5649D009E35D8 /* CellViewForXLS.m */; };
		517C8E7F1FB564A2009E35D8 /* PPTView.m in Sources */ = {isa = PBXBuildFile; fileRef = 517C8E4B1FB5649E009E35D8 /* PPTView.m */; };
		517C8E801FB564A2009E35D8 /* CollectionViewCell.m in Sources */ = {isa = PBXBuildFile; fileRef = 517C8E501FB5649F009E35D8 /* CollectionViewCell.m */; };
		517C8E811FB564A2009E35D8 /* LibraryCell.m in Sources */ = {isa = PBXBuildFile; fileRef = 517C8E511FB5649F009E35D8 /* LibraryCell.m */; };
		517C8E821FB564A2009E35D8 /* Thumbnail.m in Sources */ = {isa = PBXBuildFile; fileRef = 517C8E531FB564A0009E35D8 /* Thumbnail.m */; };
		517C8E831FB564A2009E35D8 /* CMyNotesLibraryViewController.m in Sources */ = {isa = PBXBuildFile; fileRef = 517C8E571FB564A1009E35D8 /* CMyNotesLibraryViewController.m */; };
		517C8E851FB564A2009E35D8 /* ShapesViewController.m in Sources */ = {isa = PBXBuildFile; fileRef = 517C8E591FB564A1009E35D8 /* ShapesViewController.m */; };
		517C8E861FB564A2009E35D8 /* PDFController.m in Sources */ = {isa = PBXBuildFile; fileRef = 517C8E5B1FB564A1009E35D8 /* PDFController.m */; };
		517C8E871FB564A2009E35D8 /* ThumbnailCollectionView.m in Sources */ = {isa = PBXBuildFile; fileRef = 517C8E5C1FB564A2009E35D8 /* ThumbnailCollectionView.m */; };
		517C8E881FB564A2009E35D8 /* ToggleControlView.m in Sources */ = {isa = PBXBuildFile; fileRef = 517C8E5D1FB564A2009E35D8 /* ToggleControlView.m */; };
		517C8E891FB564A2009E35D8 /* BrushSizeController.m in Sources */ = {isa = PBXBuildFile; fileRef = 517C8E5E1FB564A2009E35D8 /* BrushSizeController.m */; };
		517C8E8D1FB58133009E35D8 /* UniversalCMyNotes.storyboard in Resources */ = {isa = PBXBuildFile; fileRef = 517C8E8C1FB58133009E35D8 /* UniversalCMyNotes.storyboard */; };
		517C8EB51FB5914C009E35D8 /* Default.png in Resources */ = {isa = PBXBuildFile; fileRef = 517C8EAB1FB59149009E35D8 /* Default.png */; };
		517C8EB61FB5914C009E35D8 /* Default640x960@2x.png in Resources */ = {isa = PBXBuildFile; fileRef = 517C8EAC1FB59149009E35D8 /* Default640x960@2x.png */; };
		517C8EB71FB5914C009E35D8 /* ColorPalette@2x.png in Resources */ = {isa = PBXBuildFile; fileRef = 517C8EAD1FB59149009E35D8 /* ColorPalette@2x.png */; };
		517C8EB81FB5914C009E35D8 /* ColorPalette.png in Resources */ = {isa = PBXBuildFile; fileRef = 517C8EAE1FB5914A009E35D8 /* ColorPalette.png */; };
		517C8EB91FB5914C009E35D8 /* AppIcon@3x.png in Resources */ = {isa = PBXBuildFile; fileRef = 517C8EAF1FB5914B009E35D8 /* AppIcon@3x.png */; };
		517C8EBA1FB5914C009E35D8 /* Default750x1334@2x.png in Resources */ = {isa = PBXBuildFile; fileRef = 517C8EB01FB5914B009E35D8 /* Default750x1334@2x.png */; };
		517C8EBB1FB5914C009E35D8 /* Default@3x.png in Resources */ = {isa = PBXBuildFile; fileRef = 517C8EB11FB5914B009E35D8 /* Default@3x.png */; };
		517C8EBC1FB5914C009E35D8 /* Default1248x2208@3x.png in Resources */ = {isa = PBXBuildFile; fileRef = 517C8EB21FB5914C009E35D8 /* Default1248x2208@3x.png */; };
		517C8EBD1FB5914C009E35D8 /* Default@2x.png in Resources */ = {isa = PBXBuildFile; fileRef = 517C8EB31FB5914C009E35D8 /* Default@2x.png */; };
		517C8EBE1FB5914C009E35D8 /* Default640x1136@2x.png in Resources */ = {isa = PBXBuildFile; fileRef = 517C8EB41FB5914C009E35D8 /* Default640x1136@2x.png */; };
		517C8EC91FB59240009E35D8 /* Icon-Small.png in Resources */ = {isa = PBXBuildFile; fileRef = 517C8EBF1FB5923C009E35D8 /* Icon-Small.png */; };
		517C8ECA1FB59240009E35D8 /* Icon-Small-40@2x.png in Resources */ = {isa = PBXBuildFile; fileRef = 517C8EC01FB5923C009E35D8 /* Icon-Small-40@2x.png */; };
		517C8ECB1FB59240009E35D8 /* Icon-Small@2x.png in Resources */ = {isa = PBXBuildFile; fileRef = 517C8EC11FB5923C009E35D8 /* Icon-Small@2x.png */; };
		517C8ECC1FB59240009E35D8 /* HilighterPen.png in Resources */ = {isa = PBXBuildFile; fileRef = 517C8EC21FB5923D009E35D8 /* HilighterPen.png */; };
		517C8ECD1FB59240009E35D8 /* Icon-76.png in Resources */ = {isa = PBXBuildFile; fileRef = 517C8EC31FB5923D009E35D8 /* Icon-76.png */; };
		517C8ECE1FB59240009E35D8 /* Icon-Small-40@3x.png in Resources */ = {isa = PBXBuildFile; fileRef = 517C8EC41FB5923E009E35D8 /* Icon-Small-40@3x.png */; };
		517C8ECF1FB59240009E35D8 /* Icon-Small@3x.png in Resources */ = {isa = PBXBuildFile; fileRef = 517C8EC51FB5923E009E35D8 /* Icon-Small@3x.png */; };
		517C8ED01FB59240009E35D8 /* Icon-Small-40.png in Resources */ = {isa = PBXBuildFile; fileRef = 517C8EC61FB5923E009E35D8 /* Icon-Small-40.png */; };
		517C8ED11FB59240009E35D8 /* HilighterPen@2x.png in Resources */ = {isa = PBXBuildFile; fileRef = 517C8EC71FB5923F009E35D8 /* HilighterPen@2x.png */; };
		517C8ED21FB59240009E35D8 /* Icon-76@2x.png in Resources */ = {isa = PBXBuildFile; fileRef = 517C8EC81FB5923F009E35D8 /* Icon-76@2x.png */; };
		517C8ED81FB59299009E35D8 /* PencilForTab@2x.png in Resources */ = {isa = PBXBuildFile; fileRef = 517C8ED31FB59296009E35D8 /* PencilForTab@2x.png */; };
		517C8EDA1FB59299009E35D8 /* Pencil.png in Resources */ = {isa = PBXBuildFile; fileRef = 517C8ED51FB59297009E35D8 /* Pencil.png */; };
		517C8EDB1FB59299009E35D8 /* Pencil@2x.png in Resources */ = {isa = PBXBuildFile; fileRef = 517C8ED61FB59298009E35D8 /* Pencil@2x.png */; };
		517C8EDC1FB59299009E35D8 /* PencilForTab.png in Resources */ = {isa = PBXBuildFile; fileRef = 517C8ED71FB59298009E35D8 /* PencilForTab.png */; };
		51997B9D1FBAB53600EC5455 /* ShareIcon.png in Resources */ = {isa = PBXBuildFile; fileRef = 51997B9C1FBAB53600EC5455 /* ShareIcon.png */; };
		51997B9F1FBAD7F700EC5455 /* CMyNotesHelp.pdf in Resources */ = {isa = PBXBuildFile; fileRef = 51997B9E1FBAD7F700EC5455 /* CMyNotesHelp.pdf */; };
		51D442421FB9F556002B6357 /* CMyNotesImport.appex in Embed App Extensions */ = {isa = PBXBuildFile; fileRef = 51D442371FB9F556002B6357 /* CMyNotesImport.appex */; settings = {ATTRIBUTES = (RemoveHeadersOnCopy, ); }; };
		51D4424D1FB9F595002B6357 /* Utility.m in Sources */ = {isa = PBXBuildFile; fileRef = 51D442481FB9F573002B6357 /* Utility.m */; };
		51D4424E1FB9F59E002B6357 /* MainInterface.storyboard in Resources */ = {isa = PBXBuildFile; fileRef = 51D442471FB9F573002B6357 /* MainInterface.storyboard */; };
		51D4424F1FB9F5A4002B6357 /* Info.plist in Resources */ = {isa = PBXBuildFile; fileRef = 51D4424B1FB9F573002B6357 /* Info.plist */; };
		51D442501FB9F5A8002B6357 /* ActionViewController.m in Sources */ = {isa = PBXBuildFile; fileRef = 51D442461FB9F573002B6357 /* ActionViewController.m */; };
/* End PBXBuildFile section */

/* Begin PBXContainerItemProxy section */
		517C8DF21FB563DA009E35D8 /* PBXContainerItemProxy */ = {
			isa = PBXContainerItemProxy;
			containerPortal = 517C8DCB1FB563DA009E35D8 /* Project object */;
			proxyType = 1;
			remoteGlobalIDString = 517C8DD21FB563DA009E35D8;
			remoteInfo = CMyNotes;
		};
		517C8DFD1FB563DA009E35D8 /* PBXContainerItemProxy */ = {
			isa = PBXContainerItemProxy;
			containerPortal = 517C8DCB1FB563DA009E35D8 /* Project object */;
			proxyType = 1;
			remoteGlobalIDString = 517C8DD21FB563DA009E35D8;
			remoteInfo = CMyNotes;
		};
		51D442401FB9F556002B6357 /* PBXContainerItemProxy */ = {
			isa = PBXContainerItemProxy;
			containerPortal = 517C8DCB1FB563DA009E35D8 /* Project object */;
			proxyType = 1;
			remoteGlobalIDString = 51D442361FB9F556002B6357;
			remoteInfo = CMyNotesImport;
		};
/* End PBXContainerItemProxy section */

/* Begin PBXCopyFilesBuildPhase section */
		51C016A01FB9F03C00E899E1 /* Embed App Extensions */ = {
			isa = PBXCopyFilesBuildPhase;
			buildActionMask = 2147483647;
			dstPath = "";
			dstSubfolderSpec = 13;
			files = (
				51D442421FB9F556002B6357 /* CMyNotesImport.appex in Embed App Extensions */,
			);
			name = "Embed App Extensions";
			runOnlyForDeploymentPostprocessing = 0;
		};
/* End PBXCopyFilesBuildPhase section */

/* Begin PBXFileReference section */
		511C1F7B1FB968620081F6C1 /* ColorPaletteCollectionViewController.h */ = {isa = PBXFileReference; lastKnownFileType = sourcecode.c.h; path = ColorPaletteCollectionViewController.h; sourceTree = "<group>"; };
		511C1F7C1FB968620081F6C1 /* ColorPaletteCollectionViewController.m */ = {isa = PBXFileReference; lastKnownFileType = sourcecode.c.objc; path = ColorPaletteCollectionViewController.m; sourceTree = "<group>"; };
		516F77E91FB5AAE900EA44C8 /* Images.xcassets */ = {isa = PBXFileReference; lastKnownFileType = folder.assetcatalog; path = Images.xcassets; sourceTree = "<group>"; };
		516F77ED1FB5D6F700EA44C8 /* iPhoneX.png */ = {isa = PBXFileReference; lastKnownFileType = image.png; name = iPhoneX.png; path = AppImages/iPhoneX.png; sourceTree = SOURCE_ROOT; };
		516F77EF1FB5E05A00EA44C8 /* iPhoneiOS56.png */ = {isa = PBXFileReference; lastKnownFileType = image.png; name = iPhoneiOS56.png; path = AppImages/iPhoneiOS56.png; sourceTree = SOURCE_ROOT; };
		516F77F11FB5E19E00EA44C8 /* iPadWithOutStatusBar768x1004.png */ = {isa = PBXFileReference; lastKnownFileType = image.png; name = iPadWithOutStatusBar768x1004.png; path = AppImages/iPadWithOutStatusBar768x1004.png; sourceTree = SOURCE_ROOT; };
		516F77F31FB5E20A00EA44C8 /* iPadWithOutStatusBar768x1004@2x.png */ = {isa = PBXFileReference; lastKnownFileType = image.png; name = "iPadWithOutStatusBar768x1004@2x.png"; path = "AppImages/iPadWithOutStatusBar768x1004@2x.png"; sourceTree = SOURCE_ROOT; };
		517C8DD31FB563DA009E35D8 /* CMyNotes.app */ = {isa = PBXFileReference; explicitFileType = wrapper.application; includeInIndex = 0; path = CMyNotes.app; sourceTree = BUILT_PRODUCTS_DIR; };
		517C8DF11FB563DA009E35D8 /* CMyNotesTests.xctest */ = {isa = PBXFileReference; explicitFileType = wrapper.cfbundle; includeInIndex = 0; path = CMyNotesTests.xctest; sourceTree = BUILT_PRODUCTS_DIR; };
		517C8DFC1FB563DA009E35D8 /* CMyNotesUITests.xctest */ = {isa = PBXFileReference; explicitFileType = wrapper.cfbundle; includeInIndex = 0; path = CMyNotesUITests.xctest; sourceTree = BUILT_PRODUCTS_DIR; };
		517C8E0E1FB56494009E35D8 /* FontPropertiesViewController.m */ = {isa = PBXFileReference; fileEncoding = 4; lastKnownFileType = sourcecode.c.objc; path = FontPropertiesViewController.m; sourceTree = "<group>"; };
		517C8E0F1FB56494009E35D8 /* CMyNotes-Info.plist */ = {isa = PBXFileReference; fileEncoding = 4; lastKnownFileType = text.plist.xml; path = "CMyNotes-Info.plist"; sourceTree = "<group>"; };
		517C8E101FB56494009E35D8 /* CellViewForPDF.m */ = {isa = PBXFileReference; fileEncoding = 4; lastKnownFileType = sourcecode.c.objc; path = CellViewForPDF.m; sourceTree = "<group>"; };
		517C8E111FB56494009E35D8 /* TextEditor.m */ = {isa = PBXFileReference; fileEncoding = 4; lastKnownFileType = sourcecode.c.objc; path = TextEditor.m; sourceTree = "<group>"; };
		517C8E131FB56495009E35D8 /* FontPropertiesViewController.h */ = {isa = PBXFileReference; fileEncoding = 4; lastKnownFileType = sourcecode.c.h; path = FontPropertiesViewController.h; sourceTree = "<group>"; };
		517C8E141FB56495009E35D8 /* WORDController.m */ = {isa = PBXFileReference; fileEncoding = 4; lastKnownFileType = sourcecode.c.objc; path = WORDController.m; sourceTree = "<group>"; };
		517C8E151FB56495009E35D8 /* SSO4CC */ = {isa = PBXFileReference; lastKnownFileType = folder; path = SSO4CC; sourceTree = "<group>"; };
		517C8E161FB56495009E35D8 /* XLSDrawingView.m */ = {isa = PBXFileReference; fileEncoding = 4; lastKnownFileType = sourcecode.c.objc; path = XLSDrawingView.m; sourceTree = "<group>"; };
		517C8E171FB56495009E35D8 /* JCRPDFView.h */ = {isa = PBXFileReference; fileEncoding = 4; lastKnownFileType = sourcecode.c.h; path = JCRPDFView.h; sourceTree = "<group>"; };
		517C8E181FB56495009E35D8 /* UIView+ColorOfPointView.m */ = {isa = PBXFileReference; fileEncoding = 4; lastKnownFileType = sourcecode.c.objc; path = "UIView+ColorOfPointView.m"; sourceTree = "<group>"; };
		517C8E191FB56495009E35D8 /* DrawingController.h */ = {isa = PBXFileReference; fileEncoding = 4; lastKnownFileType = sourcecode.c.h; path = DrawingController.h; sourceTree = "<group>"; };
		517C8E1A1FB56495009E35D8 /* ApplicationSettingsController.m */ = {isa = PBXFileReference; fileEncoding = 4; lastKnownFileType = sourcecode.c.objc; path = ApplicationSettingsController.m; sourceTree = "<group>"; };
		517C8E1B1FB56495009E35D8 /* PPTController.m */ = {isa = PBXFileReference; fileEncoding = 4; lastKnownFileType = sourcecode.c.objc; path = PPTController.m; sourceTree = "<group>"; };
		517C8E1C1FB56495009E35D8 /* ColorToolViewController.m */ = {isa = PBXFileReference; fileEncoding = 4; lastKnownFileType = sourcecode.c.objc; path = ColorToolViewController.m; sourceTree = "<group>"; };
		517C8E1D1FB56495009E35D8 /* JCRPDFView.m */ = {isa = PBXFileReference; fileEncoding = 4; lastKnownFileType = sourcecode.c.objc; path = JCRPDFView.m; sourceTree = "<group>"; };
		517C8E1E1FB56495009E35D8 /* PPTView.h */ = {isa = PBXFileReference; fileEncoding = 4; lastKnownFileType = sourcecode.c.h; path = PPTView.h; sourceTree = "<group>"; };
		517C8E1F1FB56496009E35D8 /* ColorToolViewController.h */ = {isa = PBXFileReference; fileEncoding = 4; lastKnownFileType = sourcecode.c.h; path = ColorToolViewController.h; sourceTree = "<group>"; };
		517C8E211FB56496009E35D8 /* SSO4CC 2.xcdatamodel */ = {isa = PBXFileReference; lastKnownFileType = wrapper.xcdatamodel; path = "SSO4CC 2.xcdatamodel"; sourceTree = "<group>"; };
		517C8E221FB56496009E35D8 /* SSO4CC.xcdatamodel */ = {isa = PBXFileReference; lastKnownFileType = wrapper.xcdatamodel; path = SSO4CC.xcdatamodel; sourceTree = "<group>"; };
		517C8E231FB56496009E35D8 /* DrawingController.m */ = {isa = PBXFileReference; fileEncoding = 4; lastKnownFileType = sourcecode.c.objc; path = DrawingController.m; sourceTree = "<group>"; };
		517C8E241FB56496009E35D8 /* StorageController.h */ = {isa = PBXFileReference; fileEncoding = 4; lastKnownFileType = sourcecode.c.h; path = StorageController.h; sourceTree = "<group>"; };
		517C8E251FB56496009E35D8 /* SSO4CC.entitlements */ = {isa = PBXFileReference; fileEncoding = 4; lastKnownFileType = text.plist.entitlements; path = SSO4CC.entitlements; sourceTree = "<group>"; };
		517C8E261FB56496009E35D8 /* MailViewController.h */ = {isa = PBXFileReference; fileEncoding = 4; lastKnownFileType = sourcecode.c.h; path = MailViewController.h; sourceTree = "<group>"; };
		517C8E281FB56497009E35D8 /* CellViewForXLS.h */ = {isa = PBXFileReference; fileEncoding = 4; lastKnownFileType = sourcecode.c.h; path = CellViewForXLS.h; sourceTree = "<group>"; };
		517C8E291FB56497009E35D8 /* ApplicationSettingsController.h */ = {isa = PBXFileReference; fileEncoding = 4; lastKnownFileType = sourcecode.c.h; path = ApplicationSettingsController.h; sourceTree = "<group>"; };
		517C8E2A1FB56497009E35D8 /* AppDelegate.h */ = {isa = PBXFileReference; fileEncoding = 4; lastKnownFileType = sourcecode.c.h; path = AppDelegate.h; sourceTree = "<group>"; };
		517C8E2B1FB56497009E35D8 /* CellViewForPDF.h */ = {isa = PBXFileReference; fileEncoding = 4; lastKnownFileType = sourcecode.c.h; path = CellViewForPDF.h; sourceTree = "<group>"; };
		517C8E2C1FB56497009E35D8 /* LibraryCell.h */ = {isa = PBXFileReference; fileEncoding = 4; lastKnownFileType = sourcecode.c.h; path = LibraryCell.h; sourceTree = "<group>"; };
		517C8E2D1FB56497009E35D8 /* MailViewController.m */ = {isa = PBXFileReference; fileEncoding = 4; lastKnownFileType = sourcecode.c.objc; path = MailViewController.m; sourceTree = "<group>"; };
		517C8E2F1FB56498009E35D8 /* ImageObject.h */ = {isa = PBXFileReference; fileEncoding = 4; lastKnownFileType = sourcecode.c.h; path = ImageObject.h; sourceTree = "<group>"; };
		517C8E301FB56498009E35D8 /* PDFController.h */ = {isa = PBXFileReference; fileEncoding = 4; lastKnownFileType = sourcecode.c.h; path = PDFController.h; sourceTree = "<group>"; };
		517C8E311FB56498009E35D8 /* ImageObject.m */ = {isa = PBXFileReference; fileEncoding = 4; lastKnownFileType = sourcecode.c.objc; path = ImageObject.m; sourceTree = "<group>"; };
		517C8E321FB56499009E35D8 /* TextEditor.h */ = {isa = PBXFileReference; fileEncoding = 4; lastKnownFileType = sourcecode.c.h; path = TextEditor.h; sourceTree = "<group>"; };
		517C8E331FB56499009E35D8 /* DocumentController.m */ = {isa = PBXFileReference; fileEncoding = 4; lastKnownFileType = sourcecode.c.objc; path = DocumentController.m; sourceTree = "<group>"; };
		517C8E341FB56499009E35D8 /* CollectionViewController.m */ = {isa = PBXFileReference; fileEncoding = 4; lastKnownFileType = sourcecode.c.objc; path = CollectionViewController.m; sourceTree = "<group>"; };
		517C8E351FB56499009E35D8 /* XLSView.m */ = {isa = PBXFileReference; fileEncoding = 4; lastKnownFileType = sourcecode.c.objc; path = XLSView.m; sourceTree = "<group>"; };
		517C8E361FB56499009E35D8 /* CollectionViewController.h */ = {isa = PBXFileReference; fileEncoding = 4; lastKnownFileType = sourcecode.c.h; path = CollectionViewController.h; sourceTree = "<group>"; };
		517C8E371FB5649A009E35D8 /* InfoPlist.strings */ = {isa = PBXFileReference; fileEncoding = 4; lastKnownFileType = text.plist.strings; path = InfoPlist.strings; sourceTree = "<group>"; };
		517C8E381FB5649A009E35D8 /* WORDController.h */ = {isa = PBXFileReference; fileEncoding = 4; lastKnownFileType = sourcecode.c.h; path = WORDController.h; sourceTree = "<group>"; };
		517C8E391FB5649A009E35D8 /* StorageController.m */ = {isa = PBXFileReference; fileEncoding = 4; lastKnownFileType = sourcecode.c.objc; path = StorageController.m; sourceTree = "<group>"; };
		517C8E3A1FB5649A009E35D8 /* main.m */ = {isa = PBXFileReference; fileEncoding = 4; lastKnownFileType = sourcecode.c.objc; path = main.m; sourceTree = "<group>"; };
		517C8E3B1FB5649B009E35D8 /* CollectionViewCell.h */ = {isa = PBXFileReference; fileEncoding = 4; lastKnownFileType = sourcecode.c.h; path = CollectionViewCell.h; sourceTree = "<group>"; };
		517C8E3C1FB5649B009E35D8 /* CMyNotes-Prefix.pch */ = {isa = PBXFileReference; fileEncoding = 4; lastKnownFileType = sourcecode.c.h; path = "CMyNotes-Prefix.pch"; sourceTree = "<group>"; };
		517C8E3D1FB5649B009E35D8 /* AppDelegate.m */ = {isa = PBXFileReference; fileEncoding = 4; lastKnownFileType = sourcecode.c.objc; path = AppDelegate.m; sourceTree = "<group>"; };
		517C8E3E1FB5649C009E35D8 /* XLSController.m */ = {isa = PBXFileReference; fileEncoding = 4; lastKnownFileType = sourcecode.c.objc; path = XLSController.m; sourceTree = "<group>"; };
		517C8E3F1FB5649C009E35D8 /* ShapeObject.m */ = {isa = PBXFileReference; fileEncoding = 4; lastKnownFileType = sourcecode.c.objc; path = ShapeObject.m; sourceTree = "<group>"; };
		517C8E401FB5649C009E35D8 /* XLSView.h */ = {isa = PBXFileReference; fileEncoding = 4; lastKnownFileType = sourcecode.c.h; path = XLSView.h; sourceTree = "<group>"; };
		517C8E411FB5649C009E35D8 /* UIView+ColorOfPointView.h */ = {isa = PBXFileReference; fileEncoding = 4; lastKnownFileType = sourcecode.c.h; path = "UIView+ColorOfPointView.h"; sourceTree = "<group>"; };
		517C8E421FB5649C009E35D8 /* TextObject.m */ = {isa = PBXFileReference; fileEncoding = 4; lastKnownFileType = sourcecode.c.objc; path = TextObject.m; sourceTree = "<group>"; };
		517C8E431FB5649D009E35D8 /* Utility.m */ = {isa = PBXFileReference; fileEncoding = 4; lastKnownFileType = sourcecode.c.objc; path = Utility.m; sourceTree = "<group>"; };
		517C8E441FB5649D009E35D8 /* ShapeObject.h */ = {isa = PBXFileReference; fileEncoding = 4; lastKnownFileType = sourcecode.c.h; path = ShapeObject.h; sourceTree = "<group>"; };
		517C8E461FB5649D009E35D8 /* CellViewForXLS.m */ = {isa = PBXFileReference; fileEncoding = 4; lastKnownFileType = sourcecode.c.objc; path = CellViewForXLS.m; sourceTree = "<group>"; };
		517C8E471FB5649D009E35D8 /* Thumbnail.h */ = {isa = PBXFileReference; fileEncoding = 4; lastKnownFileType = sourcecode.c.h; path = Thumbnail.h; sourceTree = "<group>"; };
		517C8E481FB5649E009E35D8 /* XLSController.h */ = {isa = PBXFileReference; fileEncoding = 4; lastKnownFileType = sourcecode.c.h; path = XLSController.h; sourceTree = "<group>"; };
		517C8E491FB5649E009E35D8 /* DocumentController.h */ = {isa = PBXFileReference; fileEncoding = 4; lastKnownFileType = sourcecode.c.h; path = DocumentController.h; sourceTree = "<group>"; };
		517C8E4B1FB5649E009E35D8 /* PPTView.m */ = {isa = PBXFileReference; fileEncoding = 4; lastKnownFileType = sourcecode.c.objc; path = PPTView.m; sourceTree = "<group>"; };
		517C8E4C1FB5649E009E35D8 /* XLSDrawingView.h */ = {isa = PBXFileReference; fileEncoding = 4; lastKnownFileType = sourcecode.c.h; path = XLSDrawingView.h; sourceTree = "<group>"; };
		517C8E4D1FB5649F009E35D8 /* ThumbnailCollectionView.h */ = {isa = PBXFileReference; fileEncoding = 4; lastKnownFileType = sourcecode.c.h; path = ThumbnailCollectionView.h; sourceTree = "<group>"; };
		517C8E4E1FB5649F009E35D8 /* ToggleControlView.h */ = {isa = PBXFileReference; fileEncoding = 4; lastKnownFileType = sourcecode.c.h; path = ToggleControlView.h; sourceTree = "<group>"; };
		517C8E4F1FB5649F009E35D8 /* Utility.h */ = {isa = PBXFileReference; fileEncoding = 4; lastKnownFileType = sourcecode.c.h; path = Utility.h; sourceTree = "<group>"; };
		517C8E501FB5649F009E35D8 /* CollectionViewCell.m */ = {isa = PBXFileReference; fileEncoding = 4; lastKnownFileType = sourcecode.c.objc; path = CollectionViewCell.m; sourceTree = "<group>"; };
		517C8E511FB5649F009E35D8 /* LibraryCell.m */ = {isa = PBXFileReference; fileEncoding = 4; lastKnownFileType = sourcecode.c.objc; path = LibraryCell.m; sourceTree = "<group>"; };
		517C8E521FB564A0009E35D8 /* ShapesViewController.h */ = {isa = PBXFileReference; fileEncoding = 4; lastKnownFileType = sourcecode.c.h; path = ShapesViewController.h; sourceTree = "<group>"; };
		517C8E531FB564A0009E35D8 /* Thumbnail.m */ = {isa = PBXFileReference; fileEncoding = 4; lastKnownFileType = sourcecode.c.objc; path = Thumbnail.m; sourceTree = "<group>"; };
		517C8E541FB564A0009E35D8 /* BrushSizeController.h */ = {isa = PBXFileReference; fileEncoding = 4; lastKnownFileType = sourcecode.c.h; path = BrushSizeController.h; sourceTree = "<group>"; };
		517C8E551FB564A0009E35D8 /* CMyNotesLibraryViewController.h */ = {isa = PBXFileReference; fileEncoding = 4; lastKnownFileType = sourcecode.c.h; path = CMyNotesLibraryViewController.h; sourceTree = "<group>"; };
		517C8E561FB564A1009E35D8 /* PPTController.h */ = {isa = PBXFileReference; fileEncoding = 4; lastKnownFileType = sourcecode.c.h; path = PPTController.h; sourceTree = "<group>"; };
		517C8E571FB564A1009E35D8 /* CMyNotesLibraryViewController.m */ = {isa = PBXFileReference; fileEncoding = 4; lastKnownFileType = sourcecode.c.objc; path = CMyNotesLibraryViewController.m; sourceTree = "<group>"; };
		517C8E591FB564A1009E35D8 /* ShapesViewController.m */ = {isa = PBXFileReference; fileEncoding = 4; lastKnownFileType = sourcecode.c.objc; path = ShapesViewController.m; sourceTree = "<group>"; };
		517C8E5A1FB564A1009E35D8 /* TextObject.h */ = {isa = PBXFileReference; fileEncoding = 4; lastKnownFileType = sourcecode.c.h; path = TextObject.h; sourceTree = "<group>"; };
		517C8E5B1FB564A1009E35D8 /* PDFController.m */ = {isa = PBXFileReference; fileEncoding = 4; lastKnownFileType = sourcecode.c.objc; path = PDFController.m; sourceTree = "<group>"; };
		517C8E5C1FB564A2009E35D8 /* ThumbnailCollectionView.m */ = {isa = PBXFileReference; fileEncoding = 4; lastKnownFileType = sourcecode.c.objc; path = ThumbnailCollectionView.m; sourceTree = "<group>"; };
		517C8E5D1FB564A2009E35D8 /* ToggleControlView.m */ = {isa = PBXFileReference; fileEncoding = 4; lastKnownFileType = sourcecode.c.objc; path = ToggleControlView.m; sourceTree = "<group>"; };
		517C8E5E1FB564A2009E35D8 /* BrushSizeController.m */ = {isa = PBXFileReference; fileEncoding = 4; lastKnownFileType = sourcecode.c.objc; path = BrushSizeController.m; sourceTree = "<group>"; };
		517C8E8C1FB58133009E35D8 /* UniversalCMyNotes.storyboard */ = {isa = PBXFileReference; lastKnownFileType = file.storyboard; path = UniversalCMyNotes.storyboard; sourceTree = "<group>"; };
		517C8EAB1FB59149009E35D8 /* Default.png */ = {isa = PBXFileReference; lastKnownFileType = image.png; path = Default.png; sourceTree = "<group>"; };
		517C8EAC1FB59149009E35D8 /* Default640x960@2x.png */ = {isa = PBXFileReference; lastKnownFileType = image.png; path = "Default640x960@2x.png"; sourceTree = "<group>"; };
		517C8EAD1FB59149009E35D8 /* ColorPalette@2x.png */ = {isa = PBXFileReference; lastKnownFileType = image.png; path = "ColorPalette@2x.png"; sourceTree = "<group>"; };
		517C8EAE1FB5914A009E35D8 /* ColorPalette.png */ = {isa = PBXFileReference; lastKnownFileType = image.png; path = ColorPalette.png; sourceTree = "<group>"; };
		517C8EAF1FB5914B009E35D8 /* AppIcon@3x.png */ = {isa = PBXFileReference; lastKnownFileType = image.png; path = "AppIcon@3x.png"; sourceTree = "<group>"; };
		517C8EB01FB5914B009E35D8 /* Default750x1334@2x.png */ = {isa = PBXFileReference; lastKnownFileType = image.png; path = "Default750x1334@2x.png"; sourceTree = "<group>"; };
		517C8EB11FB5914B009E35D8 /* Default@3x.png */ = {isa = PBXFileReference; lastKnownFileType = image.png; path = "Default@3x.png"; sourceTree = "<group>"; };
		517C8EB21FB5914C009E35D8 /* Default1248x2208@3x.png */ = {isa = PBXFileReference; lastKnownFileType = image.png; path = "Default1248x2208@3x.png"; sourceTree = "<group>"; };
		517C8EB31FB5914C009E35D8 /* Default@2x.png */ = {isa = PBXFileReference; lastKnownFileType = image.png; path = "Default@2x.png"; sourceTree = "<group>"; };
		517C8EB41FB5914C009E35D8 /* Default640x1136@2x.png */ = {isa = PBXFileReference; lastKnownFileType = image.png; path = "Default640x1136@2x.png"; sourceTree = "<group>"; };
		517C8EBF1FB5923C009E35D8 /* Icon-Small.png */ = {isa = PBXFileReference; lastKnownFileType = image.png; path = "Icon-Small.png"; sourceTree = "<group>"; };
		517C8EC01FB5923C009E35D8 /* Icon-Small-40@2x.png */ = {isa = PBXFileReference; lastKnownFileType = image.png; path = "Icon-Small-40@2x.png"; sourceTree = "<group>"; };
		517C8EC11FB5923C009E35D8 /* Icon-Small@2x.png */ = {isa = PBXFileReference; lastKnownFileType = image.png; path = "Icon-Small@2x.png"; sourceTree = "<group>"; };
		517C8EC21FB5923D009E35D8 /* HilighterPen.png */ = {isa = PBXFileReference; lastKnownFileType = image.png; path = HilighterPen.png; sourceTree = "<group>"; };
		517C8EC31FB5923D009E35D8 /* Icon-76.png */ = {isa = PBXFileReference; lastKnownFileType = image.png; path = "Icon-76.png"; sourceTree = "<group>"; };
		517C8EC41FB5923E009E35D8 /* Icon-Small-40@3x.png */ = {isa = PBXFileReference; lastKnownFileType = image.png; path = "Icon-Small-40@3x.png"; sourceTree = "<group>"; };
		517C8EC51FB5923E009E35D8 /* Icon-Small@3x.png */ = {isa = PBXFileReference; lastKnownFileType = image.png; path = "Icon-Small@3x.png"; sourceTree = "<group>"; };
		517C8EC61FB5923E009E35D8 /* Icon-Small-40.png */ = {isa = PBXFileReference; lastKnownFileType = image.png; path = "Icon-Small-40.png"; sourceTree = "<group>"; };
		517C8EC71FB5923F009E35D8 /* HilighterPen@2x.png */ = {isa = PBXFileReference; lastKnownFileType = image.png; path = "HilighterPen@2x.png"; sourceTree = "<group>"; };
		517C8EC81FB5923F009E35D8 /* Icon-76@2x.png */ = {isa = PBXFileReference; lastKnownFileType = image.png; path = "Icon-76@2x.png"; sourceTree = "<group>"; };
		517C8ED31FB59296009E35D8 /* PencilForTab@2x.png */ = {isa = PBXFileReference; lastKnownFileType = image.png; path = "PencilForTab@2x.png"; sourceTree = "<group>"; };
		517C8ED51FB59297009E35D8 /* Pencil.png */ = {isa = PBXFileReference; lastKnownFileType = image.png; path = Pencil.png; sourceTree = "<group>"; };
		517C8ED61FB59298009E35D8 /* Pencil@2x.png */ = {isa = PBXFileReference; lastKnownFileType = image.png; path = "Pencil@2x.png"; sourceTree = "<group>"; };
		517C8ED71FB59298009E35D8 /* PencilForTab.png */ = {isa = PBXFileReference; lastKnownFileType = image.png; path = PencilForTab.png; sourceTree = "<group>"; };
		51997B9C1FBAB53600EC5455 /* ShareIcon.png */ = {isa = PBXFileReference; lastKnownFileType = image.png; path = ShareIcon.png; sourceTree = "<group>"; };
		51997B9E1FBAD7F700EC5455 /* CMyNotesHelp.pdf */ = {isa = PBXFileReference; lastKnownFileType = image.pdf; path = CMyNotesHelp.pdf; sourceTree = "<group>"; };
		51D442371FB9F556002B6357 /* CMyNotesImport.appex */ = {isa = PBXFileReference; explicitFileType = "wrapper.app-extension"; includeInIndex = 0; path = CMyNotesImport.appex; sourceTree = BUILT_PRODUCTS_DIR; };
		51D442461FB9F573002B6357 /* ActionViewController.m */ = {isa = PBXFileReference; lastKnownFileType = sourcecode.c.objc; path = ActionViewController.m; sourceTree = "<group>"; };
		51D442471FB9F573002B6357 /* MainInterface.storyboard */ = {isa = PBXFileReference; lastKnownFileType = file.storyboard; path = MainInterface.storyboard; sourceTree = "<group>"; };
		51D442481FB9F573002B6357 /* Utility.m */ = {isa = PBXFileReference; lastKnownFileType = sourcecode.c.objc; path = Utility.m; sourceTree = "<group>"; };
		51D442491FB9F573002B6357 /* Utility.h */ = {isa = PBXFileReference; lastKnownFileType = sourcecode.c.h; path = Utility.h; sourceTree = "<group>"; };
		51D4424A1FB9F573002B6357 /* ActionViewController.h */ = {isa = PBXFileReference; lastKnownFileType = sourcecode.c.h; path = ActionViewController.h; sourceTree = "<group>"; };
		51D4424B1FB9F573002B6357 /* Info.plist */ = {isa = PBXFileReference; lastKnownFileType = text.plist.xml; path = Info.plist; sourceTree = "<group>"; };
		51D4424C1FB9F573002B6357 /* CMyNotesImport.entitlements */ = {isa = PBXFileReference; lastKnownFileType = text.plist.entitlements; path = CMyNotesImport.entitlements; sourceTree = "<group>"; };
/* End PBXFileReference section */

/* Begin PBXFrameworksBuildPhase section */
		517C8DD01FB563DA009E35D8 /* Frameworks */ = {
			isa = PBXFrameworksBuildPhase;
			buildActionMask = 2147483647;
			files = (
			);
			runOnlyForDeploymentPostprocessing = 0;
		};
		517C8DEE1FB563DA009E35D8 /* Frameworks */ = {
			isa = PBXFrameworksBuildPhase;
			buildActionMask = 2147483647;
			files = (
			);
			runOnlyForDeploymentPostprocessing = 0;
		};
		517C8DF91FB563DA009E35D8 /* Frameworks */ = {
			isa = PBXFrameworksBuildPhase;
			buildActionMask = 2147483647;
			files = (
			);
			runOnlyForDeploymentPostprocessing = 0;
		};
		51D442341FB9F556002B6357 /* Frameworks */ = {
			isa = PBXFrameworksBuildPhase;
			buildActionMask = 2147483647;
			files = (
			);
			runOnlyForDeploymentPostprocessing = 0;
		};
/* End PBXFrameworksBuildPhase section */

/* Begin PBXGroup section */
		517C8DCA1FB563DA009E35D8 = {
			isa = PBXGroup;
			children = (
				517C8DD51FB563DA009E35D8 /* CMyNotes */,
				51D442381FB9F556002B6357 /* CMyNotesImport */,
				517C8DD41FB563DA009E35D8 /* Products */,
			);
			sourceTree = "<group>";
		};
		517C8DD41FB563DA009E35D8 /* Products */ = {
			isa = PBXGroup;
			children = (
				517C8DD31FB563DA009E35D8 /* CMyNotes.app */,
				517C8DF11FB563DA009E35D8 /* CMyNotesTests.xctest */,
				517C8DFC1FB563DA009E35D8 /* CMyNotesUITests.xctest */,
				51D442371FB9F556002B6357 /* CMyNotesImport.appex */,
			);
			name = Products;
			sourceTree = "<group>";
		};
		517C8DD51FB563DA009E35D8 /* CMyNotes */ = {
			isa = PBXGroup;
			children = (
				517C8E8E1FB58FCF009E35D8 /* Images */,
				517C8E2A1FB56497009E35D8 /* AppDelegate.h */,
				517C8E3D1FB5649B009E35D8 /* AppDelegate.m */,
				517C8E291FB56497009E35D8 /* ApplicationSettingsController.h */,
				517C8E1A1FB56495009E35D8 /* ApplicationSettingsController.m */,
				517C8E541FB564A0009E35D8 /* BrushSizeController.h */,
				517C8E5E1FB564A2009E35D8 /* BrushSizeController.m */,
				517C8E2B1FB56497009E35D8 /* CellViewForPDF.h */,
				517C8E101FB56494009E35D8 /* CellViewForPDF.m */,
				517C8E281FB56497009E35D8 /* CellViewForXLS.h */,
				517C8E461FB5649D009E35D8 /* CellViewForXLS.m */,
				517C8E0F1FB56494009E35D8 /* CMyNotes-Info.plist */,
				517C8E3C1FB5649B009E35D8 /* CMyNotes-Prefix.pch */,
				517C8E551FB564A0009E35D8 /* CMyNotesLibraryViewController.h */,
				517C8E571FB564A1009E35D8 /* CMyNotesLibraryViewController.m */,
				517C8E3B1FB5649B009E35D8 /* CollectionViewCell.h */,
				517C8E501FB5649F009E35D8 /* CollectionViewCell.m */,
				517C8E361FB56499009E35D8 /* CollectionViewController.h */,
				517C8E341FB56499009E35D8 /* CollectionViewController.m */,
				517C8E1F1FB56496009E35D8 /* ColorToolViewController.h */,
				517C8E1C1FB56495009E35D8 /* ColorToolViewController.m */,
				517C8E491FB5649E009E35D8 /* DocumentController.h */,
				517C8E331FB56499009E35D8 /* DocumentController.m */,
				517C8E191FB56495009E35D8 /* DrawingController.h */,
				517C8E231FB56496009E35D8 /* DrawingController.m */,
				517C8E131FB56495009E35D8 /* FontPropertiesViewController.h */,
				517C8E0E1FB56494009E35D8 /* FontPropertiesViewController.m */,
				517C8E2F1FB56498009E35D8 /* ImageObject.h */,
				517C8E311FB56498009E35D8 /* ImageObject.m */,
				517C8E371FB5649A009E35D8 /* InfoPlist.strings */,
				517C8E2C1FB56497009E35D8 /* LibraryCell.h */,
				517C8E511FB5649F009E35D8 /* LibraryCell.m */,
				517C8E261FB56496009E35D8 /* MailViewController.h */,
				517C8E2D1FB56497009E35D8 /* MailViewController.m */,
				517C8E3A1FB5649A009E35D8 /* main.m */,
				517C8E8C1FB58133009E35D8 /* UniversalCMyNotes.storyboard */,
				511C1F7B1FB968620081F6C1 /* ColorPaletteCollectionViewController.h */,
				511C1F7C1FB968620081F6C1 /* ColorPaletteCollectionViewController.m */,
				517C8E301FB56498009E35D8 /* PDFController.h */,
				517C8E5B1FB564A1009E35D8 /* PDFController.m */,
				517C8E171FB56495009E35D8 /* JCRPDFView.h */,
				517C8E1D1FB56495009E35D8 /* JCRPDFView.m */,
				517C8E561FB564A1009E35D8 /* PPTController.h */,
				517C8E1B1FB56495009E35D8 /* PPTController.m */,
				517C8E1E1FB56495009E35D8 /* PPTView.h */,
				517C8E4B1FB5649E009E35D8 /* PPTView.m */,
				517C8E441FB5649D009E35D8 /* ShapeObject.h */,
				517C8E3F1FB5649C009E35D8 /* ShapeObject.m */,
				517C8E521FB564A0009E35D8 /* ShapesViewController.h */,
				517C8E591FB564A1009E35D8 /* ShapesViewController.m */,
				517C8E151FB56495009E35D8 /* SSO4CC */,
				517C8E251FB56496009E35D8 /* SSO4CC.entitlements */,
				517C8E201FB56496009E35D8 /* SSO4CC.xcdatamodeld */,
				517C8E241FB56496009E35D8 /* StorageController.h */,
				517C8E391FB5649A009E35D8 /* StorageController.m */,
				517C8E321FB56499009E35D8 /* TextEditor.h */,
				517C8E111FB56494009E35D8 /* TextEditor.m */,
				517C8E5A1FB564A1009E35D8 /* TextObject.h */,
				517C8E421FB5649C009E35D8 /* TextObject.m */,
				517C8E471FB5649D009E35D8 /* Thumbnail.h */,
				517C8E531FB564A0009E35D8 /* Thumbnail.m */,
				517C8E4D1FB5649F009E35D8 /* ThumbnailCollectionView.h */,
				517C8E5C1FB564A2009E35D8 /* ThumbnailCollectionView.m */,
				517C8E4E1FB5649F009E35D8 /* ToggleControlView.h */,
				517C8E5D1FB564A2009E35D8 /* ToggleControlView.m */,
				517C8E411FB5649C009E35D8 /* UIView+ColorOfPointView.h */,
				517C8E181FB56495009E35D8 /* UIView+ColorOfPointView.m */,
				517C8E4F1FB5649F009E35D8 /* Utility.h */,
				517C8E431FB5649D009E35D8 /* Utility.m */,
				517C8E381FB5649A009E35D8 /* WORDController.h */,
				517C8E141FB56495009E35D8 /* WORDController.m */,
				517C8E481FB5649E009E35D8 /* XLSController.h */,
				517C8E3E1FB5649C009E35D8 /* XLSController.m */,
				517C8E4C1FB5649E009E35D8 /* XLSDrawingView.h */,
				517C8E161FB56495009E35D8 /* XLSDrawingView.m */,
				517C8E401FB5649C009E35D8 /* XLSView.h */,
				517C8E351FB56499009E35D8 /* XLSView.m */,
				516F77E91FB5AAE900EA44C8 /* Images.xcassets */,
			);
			path = CMyNotes;
			sourceTree = "<group>";
		};
		517C8E8E1FB58FCF009E35D8 /* Images */ = {
			isa = PBXGroup;
			children = (
				516F77F31FB5E20A00EA44C8 /* iPadWithOutStatusBar768x1004@2x.png */,
				516F77F11FB5E19E00EA44C8 /* iPadWithOutStatusBar768x1004.png */,
				51997B9E1FBAD7F700EC5455 /* CMyNotesHelp.pdf */,
				516F77EF1FB5E05A00EA44C8 /* iPhoneiOS56.png */,
				516F77ED1FB5D6F700EA44C8 /* iPhoneX.png */,
				517C8ED51FB59297009E35D8 /* Pencil.png */,
				517C8ED61FB59298009E35D8 /* Pencil@2x.png */,
				517C8ED71FB59298009E35D8 /* PencilForTab.png */,
				517C8ED31FB59296009E35D8 /* PencilForTab@2x.png */,
				517C8EC21FB5923D009E35D8 /* HilighterPen.png */,
				517C8EC71FB5923F009E35D8 /* HilighterPen@2x.png */,
				517C8EC31FB5923D009E35D8 /* Icon-76.png */,
				517C8EC81FB5923F009E35D8 /* Icon-76@2x.png */,
				517C8EC61FB5923E009E35D8 /* Icon-Small-40.png */,
				517C8EC01FB5923C009E35D8 /* Icon-Small-40@2x.png */,
				517C8EC41FB5923E009E35D8 /* Icon-Small-40@3x.png */,
				517C8EBF1FB5923C009E35D8 /* Icon-Small.png */,
				517C8EC11FB5923C009E35D8 /* Icon-Small@2x.png */,
				51997B9C1FBAB53600EC5455 /* ShareIcon.png */,
				517C8EC51FB5923E009E35D8 /* Icon-Small@3x.png */,
				517C8EAF1FB5914B009E35D8 /* AppIcon@3x.png */,
				517C8EAE1FB5914A009E35D8 /* ColorPalette.png */,
				517C8EAD1FB59149009E35D8 /* ColorPalette@2x.png */,
				517C8EAB1FB59149009E35D8 /* Default.png */,
				517C8EB31FB5914C009E35D8 /* Default@2x.png */,
				517C8EB11FB5914B009E35D8 /* Default@3x.png */,
				517C8EAC1FB59149009E35D8 /* Default640x960@2x.png */,
				517C8EB41FB5914C009E35D8 /* Default640x1136@2x.png */,
				517C8EB01FB5914B009E35D8 /* Default750x1334@2x.png */,
				517C8EB21FB5914C009E35D8 /* Default1248x2208@3x.png */,
			);
			path = Images;
			sourceTree = "<group>";
		};
		51D442381FB9F556002B6357 /* CMyNotesImport */ = {
			isa = PBXGroup;
			children = (
				51D4424A1FB9F573002B6357 /* ActionViewController.h */,
				51D442461FB9F573002B6357 /* ActionViewController.m */,
				51D4424C1FB9F573002B6357 /* CMyNotesImport.entitlements */,
				51D4424B1FB9F573002B6357 /* Info.plist */,
				51D442471FB9F573002B6357 /* MainInterface.storyboard */,
				51D442491FB9F573002B6357 /* Utility.h */,
				51D442481FB9F573002B6357 /* Utility.m */,
			);
			path = CMyNotesImport;
			sourceTree = "<group>";
		};
/* End PBXGroup section */

/* Begin PBXNativeTarget section */
		517C8DD21FB563DA009E35D8 /* CMyNotes */ = {
			isa = PBXNativeTarget;
			buildConfigurationList = 517C8E051FB563DA009E35D8 /* Build configuration list for PBXNativeTarget "CMyNotes" */;
			buildPhases = (
				517C8DCF1FB563DA009E35D8 /* Sources */,
				517C8DD01FB563DA009E35D8 /* Frameworks */,
				517C8DD11FB563DA009E35D8 /* Resources */,
				51C016A01FB9F03C00E899E1 /* Embed App Extensions */,
			);
			buildRules = (
			);
			dependencies = (
				51D442411FB9F556002B6357 /* PBXTargetDependency */,
			);
			name = CMyNotes;
			productName = CMyNotes;
			productReference = 517C8DD31FB563DA009E35D8 /* CMyNotes.app */;
			productType = "com.apple.product-type.application";
		};
		517C8DF01FB563DA009E35D8 /* CMyNotesTests */ = {
			isa = PBXNativeTarget;
			buildConfigurationList = 517C8E081FB563DA009E35D8 /* Build configuration list for PBXNativeTarget "CMyNotesTests" */;
			buildPhases = (
				517C8DED1FB563DA009E35D8 /* Sources */,
				517C8DEE1FB563DA009E35D8 /* Frameworks */,
				517C8DEF1FB563DA009E35D8 /* Resources */,
			);
			buildRules = (
			);
			dependencies = (
				517C8DF31FB563DA009E35D8 /* PBXTargetDependency */,
			);
			name = CMyNotesTests;
			productName = CMyNotesTests;
			productReference = 517C8DF11FB563DA009E35D8 /* CMyNotesTests.xctest */;
			productType = "com.apple.product-type.bundle.unit-test";
		};
		517C8DFB1FB563DA009E35D8 /* CMyNotesUITests */ = {
			isa = PBXNativeTarget;
			buildConfigurationList = 517C8E0B1FB563DA009E35D8 /* Build configuration list for PBXNativeTarget "CMyNotesUITests" */;
			buildPhases = (
				517C8DF81FB563DA009E35D8 /* Sources */,
				517C8DF91FB563DA009E35D8 /* Frameworks */,
				517C8DFA1FB563DA009E35D8 /* Resources */,
			);
			buildRules = (
			);
			dependencies = (
				517C8DFE1FB563DA009E35D8 /* PBXTargetDependency */,
			);
			name = CMyNotesUITests;
			productName = CMyNotesUITests;
			productReference = 517C8DFC1FB563DA009E35D8 /* CMyNotesUITests.xctest */;
			productType = "com.apple.product-type.bundle.ui-testing";
		};
		51D442361FB9F556002B6357 /* CMyNotesImport */ = {
			isa = PBXNativeTarget;
			buildConfigurationList = 51D442431FB9F556002B6357 /* Build configuration list for PBXNativeTarget "CMyNotesImport" */;
			buildPhases = (
				51D442331FB9F556002B6357 /* Sources */,
				51D442341FB9F556002B6357 /* Frameworks */,
				51D442351FB9F556002B6357 /* Resources */,
			);
			buildRules = (
			);
			dependencies = (
			);
			name = CMyNotesImport;
			productName = CMyNotesImport;
			productReference = 51D442371FB9F556002B6357 /* CMyNotesImport.appex */;
			productType = "com.apple.product-type.app-extension";
		};
/* End PBXNativeTarget section */

/* Begin PBXProject section */
		517C8DCB1FB563DA009E35D8 /* Project object */ = {
			isa = PBXProject;
			attributes = {
				LastUpgradeCheck = 0910;
				ORGANIZATIONNAME = "JCR Labz";
				TargetAttributes = {
					517C8DD21FB563DA009E35D8 = {
						CreatedOnToolsVersion = 9.1;
						ProvisioningStyle = Automatic;
					};
					517C8DF01FB563DA009E35D8 = {
						CreatedOnToolsVersion = 9.1;
						ProvisioningStyle = Automatic;
						TestTargetID = 517C8DD21FB563DA009E35D8;
					};
					517C8DFB1FB563DA009E35D8 = {
						CreatedOnToolsVersion = 9.1;
						ProvisioningStyle = Automatic;
						TestTargetID = 517C8DD21FB563DA009E35D8;
					};
					51D442361FB9F556002B6357 = {
						CreatedOnToolsVersion = 9.1;
						ProvisioningStyle = Automatic;
						SystemCapabilities = {
							com.apple.ApplicationGroups.iOS = {
								enabled = 1;
							};
						};
					};
				};
			};
			buildConfigurationList = 517C8DCE1FB563DA009E35D8 /* Build configuration list for PBXProject "CMyNotes" */;
			compatibilityVersion = "Xcode 8.0";
			developmentRegion = en;
			hasScannedForEncodings = 0;
			knownRegions = (
				en,
				Base,
			);
			mainGroup = 517C8DCA1FB563DA009E35D8;
			productRefGroup = 517C8DD41FB563DA009E35D8 /* Products */;
			projectDirPath = "";
			projectRoot = "";
			targets = (
				517C8DD21FB563DA009E35D8 /* CMyNotes */,
				517C8DF01FB563DA009E35D8 /* CMyNotesTests */,
				517C8DFB1FB563DA009E35D8 /* CMyNotesUITests */,
				51D442361FB9F556002B6357 /* CMyNotesImport */,
			);
		};
/* End PBXProject section */

/* Begin PBXResourcesBuildPhase section */
		517C8DD11FB563DA009E35D8 /* Resources */ = {
			isa = PBXResourcesBuildPhase;
			buildActionMask = 2147483647;
			files = (
				517C8EBD1FB5914C009E35D8 /* Default@2x.png in Resources */,
				516F77EA1FB5AAE900EA44C8 /* Images.xcassets in Resources */,
				517C8ECC1FB59240009E35D8 /* HilighterPen.png in Resources */,
				517C8EB81FB5914C009E35D8 /* ColorPalette.png in Resources */,
				517C8ECA1FB59240009E35D8 /* Icon-Small-40@2x.png in Resources */,
				517C8ED81FB59299009E35D8 /* PencilForTab@2x.png in Resources */,
				517C8EB91FB5914C009E35D8 /* AppIcon@3x.png in Resources */,
				517C8ECF1FB59240009E35D8 /* Icon-Small@3x.png in Resources */,
				517C8E8D1FB58133009E35D8 /* UniversalCMyNotes.storyboard in Resources */,
				517C8EDB1FB59299009E35D8 /* Pencil@2x.png in Resources */,
				517C8ECE1FB59240009E35D8 /* Icon-Small-40@3x.png in Resources */,
				517C8ED21FB59240009E35D8 /* Icon-76@2x.png in Resources */,
				516F77F41FB5E20A00EA44C8 /* iPadWithOutStatusBar768x1004@2x.png in Resources */,
				516F77EE1FB5D6F800EA44C8 /* iPhoneX.png in Resources */,
				517C8EB51FB5914C009E35D8 /* Default.png in Resources */,
				517C8EBA1FB5914C009E35D8 /* Default750x1334@2x.png in Resources */,
				517C8ED01FB59240009E35D8 /* Icon-Small-40.png in Resources */,
				51997B9F1FBAD7F700EC5455 /* CMyNotesHelp.pdf in Resources */,
				517C8EC91FB59240009E35D8 /* Icon-Small.png in Resources */,
				517C8EB71FB5914C009E35D8 /* ColorPalette@2x.png in Resources */,
				517C8EDA1FB59299009E35D8 /* Pencil.png in Resources */,
				517C8EBE1FB5914C009E35D8 /* Default640x1136@2x.png in Resources */,
				516F77F01FB5E05B00EA44C8 /* iPhoneiOS56.png in Resources */,
				517C8ECB1FB59240009E35D8 /* Icon-Small@2x.png in Resources */,
				517C8E651FB564A2009E35D8 /* SSO4CC in Resources */,
				517C8ED11FB59240009E35D8 /* HilighterPen@2x.png in Resources */,
				517C8ECD1FB59240009E35D8 /* Icon-76.png in Resources */,
				517C8EBC1FB5914C009E35D8 /* Default1248x2208@3x.png in Resources */,
				517C8EDC1FB59299009E35D8 /* PencilForTab.png in Resources */,
				517C8EB61FB5914C009E35D8 /* Default640x960@2x.png in Resources */,
				51997B9D1FBAB53600EC5455 /* ShareIcon.png in Resources */,
				516F77F21FB5E19E00EA44C8 /* iPadWithOutStatusBar768x1004.png in Resources */,
				517C8EBB1FB5914C009E35D8 /* Default@3x.png in Resources */,
			);
			runOnlyForDeploymentPostprocessing = 0;
		};
		517C8DEF1FB563DA009E35D8 /* Resources */ = {
			isa = PBXResourcesBuildPhase;
			buildActionMask = 2147483647;
			files = (
			);
			runOnlyForDeploymentPostprocessing = 0;
		};
		517C8DFA1FB563DA009E35D8 /* Resources */ = {
			isa = PBXResourcesBuildPhase;
			buildActionMask = 2147483647;
			files = (
			);
			runOnlyForDeploymentPostprocessing = 0;
		};
		51D442351FB9F556002B6357 /* Resources */ = {
			isa = PBXResourcesBuildPhase;
			buildActionMask = 2147483647;
			files = (
				51D4424F1FB9F5A4002B6357 /* Info.plist in Resources */,
				51D4424E1FB9F59E002B6357 /* MainInterface.storyboard in Resources */,
			);
			runOnlyForDeploymentPostprocessing = 0;
		};
/* End PBXResourcesBuildPhase section */

/* Begin PBXSourcesBuildPhase section */
		517C8DCF1FB563DA009E35D8 /* Sources */ = {
			isa = PBXSourcesBuildPhase;
			buildActionMask = 2147483647;
			files = (
				517C8E851FB564A2009E35D8 /* ShapesViewController.m in Sources */,
				517C8E671FB564A2009E35D8 /* UIView+ColorOfPointView.m in Sources */,
				511C1F7D1FB968620081F6C1 /* ColorPaletteCollectionViewController.m in Sources */,
				517C8E751FB564A2009E35D8 /* StorageController.m in Sources */,
				517C8E7B1FB564A2009E35D8 /* Utility.m in Sources */,
				517C8E831FB564A2009E35D8 /* CMyNotesLibraryViewController.m in Sources */,
				517C8E881FB564A2009E35D8 /* ToggleControlView.m in Sources */,
				517C8E641FB564A2009E35D8 /* WORDController.m in Sources */,
				517C8E711FB564A2009E35D8 /* DocumentController.m in Sources */,
				517C8E6C1FB564A2009E35D8 /* SSO4CC.xcdatamodeld in Sources */,
				517C8E801FB564A2009E35D8 /* CollectionViewCell.m in Sources */,
				517C8E6D1FB564A2009E35D8 /* DrawingController.m in Sources */,
				517C8E891FB564A2009E35D8 /* BrushSizeController.m in Sources */,
				517C8E661FB564A2009E35D8 /* XLSDrawingView.m in Sources */,
				517C8E7F1FB564A2009E35D8 /* PPTView.m in Sources */,
				517C8E821FB564A2009E35D8 /* Thumbnail.m in Sources */,
				517C8E6E1FB564A2009E35D8 /* MailViewController.m in Sources */,
				517C8E6B1FB564A2009E35D8 /* JCRPDFView.m in Sources */,
				517C8E691FB564A2009E35D8 /* PPTController.m in Sources */,
				517C8E761FB564A2009E35D8 /* main.m in Sources */,
				517C8E7A1FB564A2009E35D8 /* TextObject.m in Sources */,
				517C8E811FB564A2009E35D8 /* LibraryCell.m in Sources */,
				517C8E681FB564A2009E35D8 /* ApplicationSettingsController.m in Sources */,
				517C8E701FB564A2009E35D8 /* ImageObject.m in Sources */,
				517C8E791FB564A2009E35D8 /* ShapeObject.m in Sources */,
				517C8E781FB564A2009E35D8 /* XLSController.m in Sources */,
				517C8E721FB564A2009E35D8 /* CollectionViewController.m in Sources */,
				517C8E5F1FB564A2009E35D8 /* FontPropertiesViewController.m in Sources */,
				517C8E621FB564A2009E35D8 /* TextEditor.m in Sources */,
				517C8E861FB564A2009E35D8 /* PDFController.m in Sources */,
				517C8E7D1FB564A2009E35D8 /* CellViewForXLS.m in Sources */,
				517C8E871FB564A2009E35D8 /* ThumbnailCollectionView.m in Sources */,
				517C8E6A1FB564A2009E35D8 /* ColorToolViewController.m in Sources */,
				517C8E731FB564A2009E35D8 /* XLSView.m in Sources */,
				517C8E611FB564A2009E35D8 /* CellViewForPDF.m in Sources */,
				517C8E771FB564A2009E35D8 /* AppDelegate.m in Sources */,
			);
			runOnlyForDeploymentPostprocessing = 0;
		};
		517C8DED1FB563DA009E35D8 /* Sources */ = {
			isa = PBXSourcesBuildPhase;
			buildActionMask = 2147483647;
			files = (
			);
			runOnlyForDeploymentPostprocessing = 0;
		};
		517C8DF81FB563DA009E35D8 /* Sources */ = {
			isa = PBXSourcesBuildPhase;
			buildActionMask = 2147483647;
			files = (
			);
			runOnlyForDeploymentPostprocessing = 0;
		};
		51D442331FB9F556002B6357 /* Sources */ = {
			isa = PBXSourcesBuildPhase;
			buildActionMask = 2147483647;
			files = (
				51D442501FB9F5A8002B6357 /* ActionViewController.m in Sources */,
				51D4424D1FB9F595002B6357 /* Utility.m in Sources */,
			);
			runOnlyForDeploymentPostprocessing = 0;
		};
/* End PBXSourcesBuildPhase section */

/* Begin PBXTargetDependency section */
		517C8DF31FB563DA009E35D8 /* PBXTargetDependency */ = {
			isa = PBXTargetDependency;
			target = 517C8DD21FB563DA009E35D8 /* CMyNotes */;
			targetProxy = 517C8DF21FB563DA009E35D8 /* PBXContainerItemProxy */;
		};
		517C8DFE1FB563DA009E35D8 /* PBXTargetDependency */ = {
			isa = PBXTargetDependency;
			target = 517C8DD21FB563DA009E35D8 /* CMyNotes */;
			targetProxy = 517C8DFD1FB563DA009E35D8 /* PBXContainerItemProxy */;
		};
		51D442411FB9F556002B6357 /* PBXTargetDependency */ = {
			isa = PBXTargetDependency;
			target = 51D442361FB9F556002B6357 /* CMyNotesImport */;
			targetProxy = 51D442401FB9F556002B6357 /* PBXContainerItemProxy */;
		};
/* End PBXTargetDependency section */

/* Begin XCBuildConfiguration section */
		517C8E031FB563DA009E35D8 /* Debug */ = {
			isa = XCBuildConfiguration;
			buildSettings = {
				ALWAYS_SEARCH_USER_PATHS = NO;
				CLANG_ANALYZER_NONNULL = YES;
				CLANG_ANALYZER_NUMBER_OBJECT_CONVERSION = YES_AGGRESSIVE;
				CLANG_CXX_LANGUAGE_STANDARD = "gnu++14";
				CLANG_CXX_LIBRARY = "libc++";
				CLANG_ENABLE_MODULES = YES;
				CLANG_ENABLE_OBJC_ARC = YES;
				CLANG_WARN_BLOCK_CAPTURE_AUTORELEASING = YES;
				CLANG_WARN_BOOL_CONVERSION = YES;
				CLANG_WARN_COMMA = YES;
				CLANG_WARN_CONSTANT_CONVERSION = YES;
				CLANG_WARN_DIRECT_OBJC_ISA_USAGE = YES_ERROR;
				CLANG_WARN_DOCUMENTATION_COMMENTS = YES;
				CLANG_WARN_EMPTY_BODY = YES;
				CLANG_WARN_ENUM_CONVERSION = YES;
				CLANG_WARN_INFINITE_RECURSION = YES;
				CLANG_WARN_INT_CONVERSION = YES;
				CLANG_WARN_NON_LITERAL_NULL_CONVERSION = YES;
				CLANG_WARN_OBJC_LITERAL_CONVERSION = YES;
				CLANG_WARN_OBJC_ROOT_CLASS = YES_ERROR;
				CLANG_WARN_RANGE_LOOP_ANALYSIS = YES;
				CLANG_WARN_STRICT_PROTOTYPES = YES;
				CLANG_WARN_SUSPICIOUS_MOVE = YES;
				CLANG_WARN_UNGUARDED_AVAILABILITY = YES_AGGRESSIVE;
				CLANG_WARN_UNREACHABLE_CODE = YES;
				CLANG_WARN__DUPLICATE_METHOD_MATCH = YES;
				CODE_SIGN_IDENTITY = "iPhone Developer";
				COPY_PHASE_STRIP = NO;
				DEBUG_INFORMATION_FORMAT = dwarf;
				ENABLE_STRICT_OBJC_MSGSEND = YES;
				ENABLE_TESTABILITY = YES;
				GCC_C_LANGUAGE_STANDARD = gnu11;
				GCC_DYNAMIC_NO_PIC = NO;
				GCC_NO_COMMON_BLOCKS = YES;
				GCC_OPTIMIZATION_LEVEL = 0;
				GCC_PREPROCESSOR_DEFINITIONS = (
					"DEBUG=1",
					"$(inherited)",
				);
				GCC_WARN_64_TO_32_BIT_CONVERSION = YES;
				GCC_WARN_ABOUT_RETURN_TYPE = YES_ERROR;
				GCC_WARN_UNDECLARED_SELECTOR = YES;
				GCC_WARN_UNINITIALIZED_AUTOS = YES_AGGRESSIVE;
				GCC_WARN_UNUSED_FUNCTION = YES;
				GCC_WARN_UNUSED_VARIABLE = YES;
				IPHONEOS_DEPLOYMENT_TARGET = 9.1;
				MTL_ENABLE_DEBUG_INFO = YES;
				ONLY_ACTIVE_ARCH = YES;
				SDKROOT = iphoneos;
			};
			name = Debug;
		};
		517C8E041FB563DA009E35D8 /* Release */ = {
			isa = XCBuildConfiguration;
			buildSettings = {
				ALWAYS_SEARCH_USER_PATHS = NO;
				CLANG_ANALYZER_NONNULL = YES;
				CLANG_ANALYZER_NUMBER_OBJECT_CONVERSION = YES_AGGRESSIVE;
				CLANG_CXX_LANGUAGE_STANDARD = "gnu++14";
				CLANG_CXX_LIBRARY = "libc++";
				CLANG_ENABLE_MODULES = YES;
				CLANG_ENABLE_OBJC_ARC = YES;
				CLANG_WARN_BLOCK_CAPTURE_AUTORELEASING = YES;
				CLANG_WARN_BOOL_CONVERSION = YES;
				CLANG_WARN_COMMA = YES;
				CLANG_WARN_CONSTANT_CONVERSION = YES;
				CLANG_WARN_DIRECT_OBJC_ISA_USAGE = YES_ERROR;
				CLANG_WARN_DOCUMENTATION_COMMENTS = YES;
				CLANG_WARN_EMPTY_BODY = YES;
				CLANG_WARN_ENUM_CONVERSION = YES;
				CLANG_WARN_INFINITE_RECURSION = YES;
				CLANG_WARN_INT_CONVERSION = YES;
				CLANG_WARN_NON_LITERAL_NULL_CONVERSION = YES;
				CLANG_WARN_OBJC_LITERAL_CONVERSION = YES;
				CLANG_WARN_OBJC_ROOT_CLASS = YES_ERROR;
				CLANG_WARN_RANGE_LOOP_ANALYSIS = YES;
				CLANG_WARN_STRICT_PROTOTYPES = YES;
				CLANG_WARN_SUSPICIOUS_MOVE = YES;
				CLANG_WARN_UNGUARDED_AVAILABILITY = YES_AGGRESSIVE;
				CLANG_WARN_UNREACHABLE_CODE = YES;
				CLANG_WARN__DUPLICATE_METHOD_MATCH = YES;
				CODE_SIGN_IDENTITY = "iPhone Developer";
				COPY_PHASE_STRIP = NO;
				DEBUG_INFORMATION_FORMAT = "dwarf-with-dsym";
				ENABLE_NS_ASSERTIONS = NO;
				ENABLE_STRICT_OBJC_MSGSEND = YES;
				GCC_C_LANGUAGE_STANDARD = gnu11;
				GCC_NO_COMMON_BLOCKS = YES;
				GCC_WARN_64_TO_32_BIT_CONVERSION = YES;
				GCC_WARN_ABOUT_RETURN_TYPE = YES_ERROR;
				GCC_WARN_UNDECLARED_SELECTOR = YES;
				GCC_WARN_UNINITIALIZED_AUTOS = YES_AGGRESSIVE;
				GCC_WARN_UNUSED_FUNCTION = YES;
				GCC_WARN_UNUSED_VARIABLE = YES;
				IPHONEOS_DEPLOYMENT_TARGET = 9.1;
				MTL_ENABLE_DEBUG_INFO = NO;
				SDKROOT = iphoneos;
				VALIDATE_PRODUCT = YES;
			};
			name = Release;
		};
		517C8E061FB563DA009E35D8 /* Debug */ = {
			isa = XCBuildConfiguration;
			buildSettings = {
				ASSETCATALOG_COMPILER_APPICON_NAME = AppIcon;
				ASSETCATALOG_COMPILER_LAUNCHIMAGE_NAME = LaunchImage;
				CODE_SIGN_STYLE = Automatic;
				DEVELOPMENT_TEAM = 6AHQ7PSJXF;
				INFOPLIST_FILE = "$(SRCROOT)/CMyNotes/CMyNotes-Info.plist";
				IPHONEOS_DEPLOYMENT_TARGET = 9.1;
				LD_RUNPATH_SEARCH_PATHS = "$(inherited) @executable_path/Frameworks";
				PRODUCT_BUNDLE_IDENTIFIER = com.jcrlabz.CMyNotes;
				PRODUCT_NAME = "$(TARGET_NAME)";
				TARGETED_DEVICE_FAMILY = "1,2";
			};
			name = Debug;
		};
		517C8E071FB563DA009E35D8 /* Release */ = {
			isa = XCBuildConfiguration;
			buildSettings = {
				ASSETCATALOG_COMPILER_APPICON_NAME = AppIcon;
				ASSETCATALOG_COMPILER_LAUNCHIMAGE_NAME = LaunchImage;
				CODE_SIGN_STYLE = Automatic;
				DEVELOPMENT_TEAM = 6AHQ7PSJXF;
				INFOPLIST_FILE = "$(SRCROOT)/CMyNotes/CMyNotes-Info.plist";
				IPHONEOS_DEPLOYMENT_TARGET = 9.1;
				LD_RUNPATH_SEARCH_PATHS = "$(inherited) @executable_path/Frameworks";
				PRODUCT_BUNDLE_IDENTIFIER = com.jcrlabz.CMyNotes;
				PRODUCT_NAME = "$(TARGET_NAME)";
				TARGETED_DEVICE_FAMILY = "1,2";
			};
			name = Release;
		};
		517C8E091FB563DA009E35D8 /* Debug */ = {
			isa = XCBuildConfiguration;
			buildSettings = {
				BUNDLE_LOADER = "$(TEST_HOST)";
				CODE_SIGN_STYLE = Automatic;
				INFOPLIST_FILE = CMyNotesTests/Info.plist;
				LD_RUNPATH_SEARCH_PATHS = "$(inherited) @executable_path/Frameworks @loader_path/Frameworks";
				PRODUCT_BUNDLE_IDENTIFIER = com.jcrlabz.cmynotes.CMyNotesTests;
				PRODUCT_NAME = "$(TARGET_NAME)";
				TARGETED_DEVICE_FAMILY = "1,2";
				TEST_HOST = "$(BUILT_PRODUCTS_DIR)/CMyNotes.app/CMyNotes";
			};
			name = Debug;
		};
		517C8E0A1FB563DA009E35D8 /* Release */ = {
			isa = XCBuildConfiguration;
			buildSettings = {
				BUNDLE_LOADER = "$(TEST_HOST)";
				CODE_SIGN_STYLE = Automatic;
				INFOPLIST_FILE = CMyNotesTests/Info.plist;
				LD_RUNPATH_SEARCH_PATHS = "$(inherited) @executable_path/Frameworks @loader_path/Frameworks";
				PRODUCT_BUNDLE_IDENTIFIER = com.jcrlabz.cmynotes.CMyNotesTests;
				PRODUCT_NAME = "$(TARGET_NAME)";
				TARGETED_DEVICE_FAMILY = "1,2";
				TEST_HOST = "$(BUILT_PRODUCTS_DIR)/CMyNotes.app/CMyNotes";
			};
			name = Release;
		};
		517C8E0C1FB563DA009E35D8 /* Debug */ = {
			isa = XCBuildConfiguration;
			buildSettings = {
				CODE_SIGN_STYLE = Automatic;
				INFOPLIST_FILE = CMyNotesUITests/Info.plist;
				LD_RUNPATH_SEARCH_PATHS = "$(inherited) @executable_path/Frameworks @loader_path/Frameworks";
				PRODUCT_BUNDLE_IDENTIFIER = com.jcrlabz.cmynotes.CMyNotesUITests;
				PRODUCT_NAME = "$(TARGET_NAME)";
				TARGETED_DEVICE_FAMILY = "1,2";
				TEST_TARGET_NAME = CMyNotes;
			};
			name = Debug;
		};
		517C8E0D1FB563DA009E35D8 /* Release */ = {
			isa = XCBuildConfiguration;
			buildSettings = {
				CODE_SIGN_STYLE = Automatic;
				INFOPLIST_FILE = CMyNotesUITests/Info.plist;
				LD_RUNPATH_SEARCH_PATHS = "$(inherited) @executable_path/Frameworks @loader_path/Frameworks";
				PRODUCT_BUNDLE_IDENTIFIER = com.jcrlabz.cmynotes.CMyNotesUITests;
				PRODUCT_NAME = "$(TARGET_NAME)";
				TARGETED_DEVICE_FAMILY = "1,2";
				TEST_TARGET_NAME = CMyNotes;
			};
			name = Release;
		};
		51D442441FB9F556002B6357 /* Debug */ = {
			isa = XCBuildConfiguration;
			buildSettings = {
				CODE_SIGN_ENTITLEMENTS = CMyNotesImport/CMyNotesImport.entitlements;
				CODE_SIGN_STYLE = Automatic;
				DEVELOPMENT_TEAM = 6AHQ7PSJXF;
				INFOPLIST_FILE = CMyNotesImport/Info.plist;
				IPHONEOS_DEPLOYMENT_TARGET = 9.1;
				LD_RUNPATH_SEARCH_PATHS = "$(inherited) @executable_path/Frameworks @executable_path/../../Frameworks";
				PRODUCT_BUNDLE_IDENTIFIER = com.jcrlabz.CMyNotes.CMyNotesImport;
				PRODUCT_NAME = "$(TARGET_NAME)";
				SKIP_INSTALL = YES;
				TARGETED_DEVICE_FAMILY = "1,2";
			};
			name = Debug;
		};
		51D442451FB9F556002B6357 /* Release */ = {
			isa = XCBuildConfiguration;
			buildSettings = {
				CODE_SIGN_ENTITLEMENTS = CMyNotesImport/CMyNotesImport.entitlements;
				CODE_SIGN_STYLE = Automatic;
				DEVELOPMENT_TEAM = 6AHQ7PSJXF;
				INFOPLIST_FILE = CMyNotesImport/Info.plist;
				IPHONEOS_DEPLOYMENT_TARGET = 9.1;
				LD_RUNPATH_SEARCH_PATHS = "$(inherited) @executable_path/Frameworks @executable_path/../../Frameworks";
				PRODUCT_BUNDLE_IDENTIFIER = com.jcrlabz.CMyNotes.CMyNotesImport;
				PRODUCT_NAME = "$(TARGET_NAME)";
				SKIP_INSTALL = YES;
				TARGETED_DEVICE_FAMILY = "1,2";
			};
			name = Release;
		};
/* End XCBuildConfiguration section */

/* Begin XCConfigurationList section */
		517C8DCE1FB563DA009E35D8 /* Build configuration list for PBXProject "CMyNotes" */ = {
			isa = XCConfigurationList;
			buildConfigurations = (
				517C8E031FB563DA009E35D8 /* Debug */,
				517C8E041FB563DA009E35D8 /* Release */,
			);
			defaultConfigurationIsVisible = 0;
			defaultConfigurationName = Release;
		};
		517C8E051FB563DA009E35D8 /* Build configuration list for PBXNativeTarget "CMyNotes" */ = {
			isa = XCConfigurationList;
			buildConfigurations = (
				517C8E061FB563DA009E35D8 /* Debug */,
				517C8E071FB563DA009E35D8 /* Release */,
			);
			defaultConfigurationIsVisible = 0;
			defaultConfigurationName = Release;
		};
		517C8E081FB563DA009E35D8 /* Build configuration list for PBXNativeTarget "CMyNotesTests" */ = {
			isa = XCConfigurationList;
			buildConfigurations = (
				517C8E091FB563DA009E35D8 /* Debug */,
				517C8E0A1FB563DA009E35D8 /* Release */,
			);
			defaultConfigurationIsVisible = 0;
			defaultConfigurationName = Release;
		};
		517C8E0B1FB563DA009E35D8 /* Build configuration list for PBXNativeTarget "CMyNotesUITests" */ = {
			isa = XCConfigurationList;
			buildConfigurations = (
				517C8E0C1FB563DA009E35D8 /* Debug */,
				517C8E0D1FB563DA009E35D8 /* Release */,
			);
			defaultConfigurationIsVisible = 0;
			defaultConfigurationName = Release;
		};
		51D442431FB9F556002B6357 /* Build configuration list for PBXNativeTarget "CMyNotesImport" */ = {
			isa = XCConfigurationList;
			buildConfigurations = (
				51D442441FB9F556002B6357 /* Debug */,
				51D442451FB9F556002B6357 /* Release */,
			);
			defaultConfigurationIsVisible = 0;
			defaultConfigurationName = Release;
		};
/* End XCConfigurationList section */

/* Begin XCVersionGroup section */
		517C8E201FB56496009E35D8 /* SSO4CC.xcdatamodeld */ = {
			isa = XCVersionGroup;
			children = (
				517C8E211FB56496009E35D8 /* SSO4CC 2.xcdatamodel */,
				517C8E221FB56496009E35D8 /* SSO4CC.xcdatamodel */,
			);
			currentVersion = 517C8E221FB56496009E35D8 /* SSO4CC.xcdatamodel */;
			path = SSO4CC.xcdatamodeld;
			sourceTree = "<group>";
			versionGroupType = wrapper.xcdatamodel;
		};
/* End XCVersionGroup section */
	};
	rootObject = 517C8DCB1FB563DA009E35D8 /* Project object */;
}
